
Microsoft Visual Studio Solution File, Format Version 12.00
# Visual Studio Version 16
VisualStudioVersion = 16.0.31702.278
MinimumVisualStudioVersion = 10.0.40219.1
Project("{FAE04EC0-301F-11D3-BF4B-00C04F79EFBC}") = "Umbraco.Web", "Umbraco.Web\Umbraco.Web.csproj", "{EEB7E506-7354-4A22-A4B3-716615889DC8}"
EndProject
Project("{9092AA53-FB77-4645-B42D-1CCCA6BD08BD}") = "FrontEnd.Client", "FrontEnd.Client\FrontEnd.Client.njsproj", "{5C008EB7-FD5E-4808-A910-7867E6C1644D}"
EndProject
Global
	GlobalSection(SolutionConfigurationPlatforms) = preSolution
		Debug|Any CPU = Debug|Any CPU
		Release|Any CPU = Release|Any CPU
	EndGlobalSection
	GlobalSection(ProjectConfigurationPlatforms) = postSolution
		{EEB7E506-7354-4A22-A4B3-716615889DC8}.Debug|Any CPU.ActiveCfg = Debug|Any CPU
		{EEB7E506-7354-4A22-A4B3-716615889DC8}.Debug|Any CPU.Build.0 = Debug|Any CPU
		{EEB7E506-7354-4A22-A4B3-716615889DC8}.Release|Any CPU.ActiveCfg = Release|Any CPU
		{EEB7E506-7354-4A22-A4B3-716615889DC8}.Release|Any CPU.Build.0 = Release|Any CPU
		{5C008EB7-FD5E-4808-A910-7867E6C1644D}.Debug|Any CPU.ActiveCfg = Debug|Any CPU
		{5C008EB7-FD5E-4808-A910-7867E6C1644D}.Debug|Any CPU.Build.0 = Debug|Any CPU
		{5C008EB7-FD5E-4808-A910-7867E6C1644D}.Release|Any CPU.ActiveCfg = Release|Any CPU
		{5C008EB7-FD5E-4808-A910-7867E6C1644D}.Release|Any CPU.Build.0 = Release|Any CPU
	EndGlobalSection
	GlobalSection(SolutionProperties) = preSolution
		HideSolutionNode = FALSE
	EndGlobalSection
	GlobalSection(ExtensibilityGlobals) = postSolution
		SolutionGuid = {FC6B5F73-75C2-4EC7-85DA-B8C7DADCD74C}
	EndGlobalSection
EndGlobal
